// !$*UTF8*$!
{
	archiveVersion = 1;
	classes = {
	};
	objectVersion = 46;
	objects = {

/* Begin PBXBuildFile section */
		81674B3519D9DB45008FFFC5 /* main.m in Sources */ = {isa = PBXBuildFile; fileRef = 81674B3419D9DB45008FFFC5 /* main.m */; };
		81674B3C19D9DBF7008FFFC5 /* GLNumericalModelingKit.dylib in Frameworks */ = {isa = PBXBuildFile; fileRef = 81674B3B19D9DBF7008FFFC5 /* GLNumericalModelingKit.dylib */; };
		81674B4419D9DF71008FFFC5 /* main.m in Sources */ = {isa = PBXBuildFile; fileRef = 81674B4319D9DF71008FFFC5 /* main.m */; };
		81674B4819D9DFA8008FFFC5 /* GLNumericalModelingKit.dylib in Frameworks */ = {isa = PBXBuildFile; fileRef = 81674B3B19D9DBF7008FFFC5 /* GLNumericalModelingKit.dylib */; };
		817513D519F563EF009FE412 /* GLOceanKit.dylib in Frameworks */ = {isa = PBXBuildFile; fileRef = 817513D419F563EF009FE412 /* GLOceanKit.dylib */; };
		818772C119DB29A4007E5DA3 /* main.swift in Sources */ = {isa = PBXBuildFile; fileRef = 818772C019DB29A4007E5DA3 /* main.swift */; };
		8187733819DB3364007E5DA3 /* GLNumericalModelingKit.framework in Frameworks */ = {isa = PBXBuildFile; fileRef = 8187733719DB3364007E5DA3 /* GLNumericalModelingKit.framework */; };
/* End PBXBuildFile section */

/* Begin PBXCopyFilesBuildPhase section */
		81674B2F19D9DB45008FFFC5 /* CopyFiles */ = {
			isa = PBXCopyFilesBuildPhase;
			buildActionMask = 2147483647;
			dstPath = /usr/share/man/man1/;
			dstSubfolderSpec = 0;
			files = (
			);
			runOnlyForDeploymentPostprocessing = 1;
		};
		81674B3F19D9DF71008FFFC5 /* CopyFiles */ = {
			isa = PBXCopyFilesBuildPhase;
			buildActionMask = 2147483647;
			dstPath = /usr/share/man/man1/;
			dstSubfolderSpec = 0;
			files = (
			);
			runOnlyForDeploymentPostprocessing = 1;
		};
		818772BC19DB29A4007E5DA3 /* CopyFiles */ = {
			isa = PBXCopyFilesBuildPhase;
			buildActionMask = 2147483647;
			dstPath = /usr/share/man/man1/;
			dstSubfolderSpec = 0;
			files = (
			);
			runOnlyForDeploymentPostprocessing = 1;
		};
/* End PBXCopyFilesBuildPhase section */

/* Begin PBXFileReference section */
		81674B3119D9DB45008FFFC5 /* QGDampedSlab */ = {isa = PBXFileReference; explicitFileType = "compiled.mach-o.executable"; includeInIndex = 0; path = QGDampedSlab; sourceTree = BUILT_PRODUCTS_DIR; };
		81674B3419D9DB45008FFFC5 /* main.m */ = {isa = PBXFileReference; lastKnownFileType = sourcecode.c.objc; path = main.m; sourceTree = "<group>"; };
		81674B3B19D9DBF7008FFFC5 /* GLNumericalModelingKit.dylib */ = {isa = PBXFileReference; lastKnownFileType = "compiled.mach-o.dylib"; path = GLNumericalModelingKit.dylib; sourceTree = BUILT_PRODUCTS_DIR; };
		81674B4119D9DF71008FFFC5 /* DampedSlab */ = {isa = PBXFileReference; explicitFileType = "compiled.mach-o.executable"; includeInIndex = 0; path = DampedSlab; sourceTree = BUILT_PRODUCTS_DIR; };
		81674B4319D9DF71008FFFC5 /* main.m */ = {isa = PBXFileReference; lastKnownFileType = sourcecode.c.objc; path = main.m; sourceTree = "<group>"; };
		817513D219F56235009FE412 /* GLOceanKit.dylib */ = {isa = PBXFileReference; lastKnownFileType = "compiled.mach-o.dylib"; name = GLOceanKit.dylib; path = ../GLOceanKit/build/Debug/GLOceanKit.dylib; sourceTree = "<group>"; };
		817513D419F563EF009FE412 /* GLOceanKit.dylib */ = {isa = PBXFileReference; lastKnownFileType = "compiled.mach-o.dylib"; name = GLOceanKit.dylib; path = "../../../Library/Developer/Xcode/DerivedData/MasterWorkspace-geajijycseerbtfvjkaodseclatk/Build/Products/Debug/GLOceanKit.dylib"; sourceTree = "<group>"; };
		818772BE19DB29A4007E5DA3 /* DampedSlabSwift */ = {isa = PBXFileReference; explicitFileType = "compiled.mach-o.executable"; includeInIndex = 0; path = DampedSlabSwift; sourceTree = BUILT_PRODUCTS_DIR; };
		818772C019DB29A4007E5DA3 /* main.swift */ = {isa = PBXFileReference; lastKnownFileType = sourcecode.swift; path = main.swift; sourceTree = "<group>"; };
		8187733719DB3364007E5DA3 /* GLNumericalModelingKit.framework */ = {isa = PBXFileReference; lastKnownFileType = wrapper.framework; name = GLNumericalModelingKit.framework; path = "../../../Library/Developer/Xcode/DerivedData/QGDampedSlab-fphdwedzqugbnhesewncirqzzjsn/Build/Products/Debug/GLNumericalModelingKit.framework"; sourceTree = "<group>"; };
/* End PBXFileReference section */

/* Begin PBXFrameworksBuildPhase section */
		81674B2E19D9DB45008FFFC5 /* Frameworks */ = {
			isa = PBXFrameworksBuildPhase;
			buildActionMask = 2147483647;
			files = (
				817513D519F563EF009FE412 /* GLOceanKit.dylib in Frameworks */,
				81674B3C19D9DBF7008FFFC5 /* GLNumericalModelingKit.dylib in Frameworks */,
			);
			runOnlyForDeploymentPostprocessing = 0;
		};
		81674B3E19D9DF71008FFFC5 /* Frameworks */ = {
			isa = PBXFrameworksBuildPhase;
			buildActionMask = 2147483647;
			files = (
				81674B4819D9DFA8008FFFC5 /* GLNumericalModelingKit.dylib in Frameworks */,
			);
			runOnlyForDeploymentPostprocessing = 0;
		};
		818772BB19DB29A4007E5DA3 /* Frameworks */ = {
			isa = PBXFrameworksBuildPhase;
			buildActionMask = 2147483647;
			files = (
				8187733819DB3364007E5DA3 /* GLNumericalModelingKit.framework in Frameworks */,
			);
			runOnlyForDeploymentPostprocessing = 0;
		};
/* End PBXFrameworksBuildPhase section */

/* Begin PBXGroup section */
		81674B2819D9DB45008FFFC5 = {
			isa = PBXGroup;
			children = (
				817513D419F563EF009FE412 /* GLOceanKit.dylib */,
				817513D219F56235009FE412 /* GLOceanKit.dylib */,
				8187733719DB3364007E5DA3 /* GLNumericalModelingKit.framework */,
				81674B3319D9DB45008FFFC5 /* QGDampedSlab */,
				81674B4219D9DF71008FFFC5 /* DampedSlab */,
				818772BF19DB29A4007E5DA3 /* DampedSlabSwift */,
				81674B3219D9DB45008FFFC5 /* Products */,
				81674B3B19D9DBF7008FFFC5 /* GLNumericalModelingKit.dylib */,
			);
			sourceTree = "<group>";
		};
		81674B3219D9DB45008FFFC5 /* Products */ = {
			isa = PBXGroup;
			children = (
				81674B3119D9DB45008FFFC5 /* QGDampedSlab */,
				81674B4119D9DF71008FFFC5 /* DampedSlab */,
				818772BE19DB29A4007E5DA3 /* DampedSlabSwift */,
			);
			name = Products;
			sourceTree = "<group>";
		};
		81674B3319D9DB45008FFFC5 /* QGDampedSlab */ = {
			isa = PBXGroup;
			children = (
				81674B3419D9DB45008FFFC5 /* main.m */,
			);
			path = QGDampedSlab;
			sourceTree = "<group>";
		};
		81674B4219D9DF71008FFFC5 /* DampedSlab */ = {
			isa = PBXGroup;
			children = (
				81674B4319D9DF71008FFFC5 /* main.m */,
			);
			path = DampedSlab;
			sourceTree = "<group>";
		};
		818772BF19DB29A4007E5DA3 /* DampedSlabSwift */ = {
			isa = PBXGroup;
			children = (
				818772C019DB29A4007E5DA3 /* main.swift */,
			);
			path = DampedSlabSwift;
			sourceTree = "<group>";
		};
/* End PBXGroup section */

/* Begin PBXNativeTarget section */
		81674B3019D9DB45008FFFC5 /* QGDampedSlab */ = {
			isa = PBXNativeTarget;
			buildConfigurationList = 81674B3819D9DB45008FFFC5 /* Build configuration list for PBXNativeTarget "QGDampedSlab" */;
			buildPhases = (
				81674B2D19D9DB45008FFFC5 /* Sources */,
				81674B2E19D9DB45008FFFC5 /* Frameworks */,
				81674B2F19D9DB45008FFFC5 /* CopyFiles */,
			);
			buildRules = (
			);
			dependencies = (
			);
			name = QGDampedSlab;
			productName = QGDampedSlab;
			productReference = 81674B3119D9DB45008FFFC5 /* QGDampedSlab */;
			productType = "com.apple.product-type.tool";
		};
		81674B4019D9DF71008FFFC5 /* DampedSlab */ = {
			isa = PBXNativeTarget;
			buildConfigurationList = 81674B4519D9DF71008FFFC5 /* Build configuration list for PBXNativeTarget "DampedSlab" */;
			buildPhases = (
				81674B3D19D9DF71008FFFC5 /* Sources */,
				81674B3E19D9DF71008FFFC5 /* Frameworks */,
				81674B3F19D9DF71008FFFC5 /* CopyFiles */,
			);
			buildRules = (
			);
			dependencies = (
			);
			name = DampedSlab;
			productName = DampedSlab;
			productReference = 81674B4119D9DF71008FFFC5 /* DampedSlab */;
			productType = "com.apple.product-type.tool";
		};
		818772BD19DB29A4007E5DA3 /* DampedSlabSwift */ = {
			isa = PBXNativeTarget;
			buildConfigurationList = 818772C419DB29A4007E5DA3 /* Build configuration list for PBXNativeTarget "DampedSlabSwift" */;
			buildPhases = (
				818772BA19DB29A4007E5DA3 /* Sources */,
				818772BB19DB29A4007E5DA3 /* Frameworks */,
				818772BC19DB29A4007E5DA3 /* CopyFiles */,
			);
			buildRules = (
			);
			dependencies = (
			);
			name = DampedSlabSwift;
			productName = DampedSlabSwift;
			productReference = 818772BE19DB29A4007E5DA3 /* DampedSlabSwift */;
			productType = "com.apple.product-type.tool";
		};
/* End PBXNativeTarget section */

/* Begin PBXProject section */
		81674B2919D9DB45008FFFC5 /* Project object */ = {
			isa = PBXProject;
			attributes = {
				LastSwiftUpdateCheck = 0700;
				LastUpgradeCheck = 0600;
				ORGANIZATIONNAME = "Jeffrey J. Early";
				TargetAttributes = {
					81674B3019D9DB45008FFFC5 = {
						CreatedOnToolsVersion = 6.0.1;
					};
					81674B4019D9DF71008FFFC5 = {
						CreatedOnToolsVersion = 6.0.1;
					};
					818772BD19DB29A4007E5DA3 = {
						CreatedOnToolsVersion = 6.1;
					};
				};
			};
			buildConfigurationList = 81674B2C19D9DB45008FFFC5 /* Build configuration list for PBXProject "QGDampedSlab" */;
			compatibilityVersion = "Xcode 3.2";
			developmentRegion = English;
			hasScannedForEncodings = 0;
			knownRegions = (
				en,
			);
			mainGroup = 81674B2819D9DB45008FFFC5;
			productRefGroup = 81674B3219D9DB45008FFFC5 /* Products */;
			projectDirPath = "";
			projectRoot = "";
			targets = (
				81674B3019D9DB45008FFFC5 /* QGDampedSlab */,
				81674B4019D9DF71008FFFC5 /* DampedSlab */,
				818772BD19DB29A4007E5DA3 /* DampedSlabSwift */,
			);
		};
/* End PBXProject section */

/* Begin PBXSourcesBuildPhase section */
		81674B2D19D9DB45008FFFC5 /* Sources */ = {
			isa = PBXSourcesBuildPhase;
			buildActionMask = 2147483647;
			files = (
				81674B3519D9DB45008FFFC5 /* main.m in Sources */,
			);
			runOnlyForDeploymentPostprocessing = 0;
		};
		81674B3D19D9DF71008FFFC5 /* Sources */ = {
			isa = PBXSourcesBuildPhase;
			buildActionMask = 2147483647;
			files = (
				81674B4419D9DF71008FFFC5 /* main.m in Sources */,
			);
			runOnlyForDeploymentPostprocessing = 0;
		};
		818772BA19DB29A4007E5DA3 /* Sources */ = {
			isa = PBXSourcesBuildPhase;
			buildActionMask = 2147483647;
			files = (
				818772C119DB29A4007E5DA3 /* main.swift in Sources */,
			);
			runOnlyForDeploymentPostprocessing = 0;
		};
/* End PBXSourcesBuildPhase section */

/* Begin XCBuildConfiguration section */
		81674B3619D9DB45008FFFC5 /* Debug */ = {
			isa = XCBuildConfiguration;
			buildSettings = {
				ALWAYS_SEARCH_USER_PATHS = NO;
				CLANG_CXX_LANGUAGE_STANDARD = "gnu++0x";
				CLANG_CXX_LIBRARY = "libc++";
				CLANG_ENABLE_MODULES = YES;
				CLANG_ENABLE_OBJC_ARC = YES;
				CLANG_WARN_BOOL_CONVERSION = YES;
				CLANG_WARN_CONSTANT_CONVERSION = YES;
				CLANG_WARN_DIRECT_OBJC_ISA_USAGE = YES_ERROR;
				CLANG_WARN_EMPTY_BODY = YES;
				CLANG_WARN_ENUM_CONVERSION = YES;
				CLANG_WARN_INT_CONVERSION = YES;
				CLANG_WARN_OBJC_ROOT_CLASS = YES_ERROR;
				CLANG_WARN_UNREACHABLE_CODE = YES;
				CLANG_WARN__DUPLICATE_METHOD_MATCH = YES;
				COPY_PHASE_STRIP = NO;
				ENABLE_STRICT_OBJC_MSGSEND = YES;
				GCC_C_LANGUAGE_STANDARD = gnu99;
				GCC_DYNAMIC_NO_PIC = NO;
				GCC_OPTIMIZATION_LEVEL = 0;
				GCC_PREPROCESSOR_DEFINITIONS = (
					"DEBUG=1",
					"$(inherited)",
				);
				GCC_SYMBOLS_PRIVATE_EXTERN = NO;
				GCC_WARN_64_TO_32_BIT_CONVERSION = YES;
				GCC_WARN_ABOUT_RETURN_TYPE = YES_ERROR;
				GCC_WARN_UNDECLARED_SELECTOR = YES;
				GCC_WARN_UNINITIALIZED_AUTOS = YES_AGGRESSIVE;
				GCC_WARN_UNUSED_FUNCTION = YES;
				GCC_WARN_UNUSED_VARIABLE = YES;
				MACOSX_DEPLOYMENT_TARGET = 10.9;
				MTL_ENABLE_DEBUG_INFO = YES;
				ONLY_ACTIVE_ARCH = YES;
				SDKROOT = macosx;
			};
			name = Debug;
		};
		81674B3719D9DB45008FFFC5 /* Release */ = {
			isa = XCBuildConfiguration;
			buildSettings = {
				ALWAYS_SEARCH_USER_PATHS = NO;
				CLANG_CXX_LANGUAGE_STANDARD = "gnu++0x";
				CLANG_CXX_LIBRARY = "libc++";
				CLANG_ENABLE_MODULES = YES;
				CLANG_ENABLE_OBJC_ARC = YES;
				CLANG_WARN_BOOL_CONVERSION = YES;
				CLANG_WARN_CONSTANT_CONVERSION = YES;
				CLANG_WARN_DIRECT_OBJC_ISA_USAGE = YES_ERROR;
				CLANG_WARN_EMPTY_BODY = YES;
				CLANG_WARN_ENUM_CONVERSION = YES;
				CLANG_WARN_INT_CONVERSION = YES;
				CLANG_WARN_OBJC_ROOT_CLASS = YES_ERROR;
				CLANG_WARN_UNREACHABLE_CODE = YES;
				CLANG_WARN__DUPLICATE_METHOD_MATCH = YES;
				COPY_PHASE_STRIP = YES;
				DEBUG_INFORMATION_FORMAT = "dwarf-with-dsym";
				ENABLE_NS_ASSERTIONS = NO;
				ENABLE_STRICT_OBJC_MSGSEND = YES;
				GCC_C_LANGUAGE_STANDARD = gnu99;
				GCC_WARN_64_TO_32_BIT_CONVERSION = YES;
				GCC_WARN_ABOUT_RETURN_TYPE = YES_ERROR;
				GCC_WARN_UNDECLARED_SELECTOR = YES;
				GCC_WARN_UNINITIALIZED_AUTOS = YES_AGGRESSIVE;
				GCC_WARN_UNUSED_FUNCTION = YES;
				GCC_WARN_UNUSED_VARIABLE = YES;
				MACOSX_DEPLOYMENT_TARGET = 10.9;
				MTL_ENABLE_DEBUG_INFO = NO;
				SDKROOT = macosx;
			};
			name = Release;
		};
		81674B3919D9DB45008FFFC5 /* Debug */ = {
			isa = XCBuildConfiguration;
			buildSettings = {
				HEADER_SEARCH_PATHS = (
					"$(inherited)",
					/Applications/Xcode.app/Contents/Developer/Toolchains/XcodeDefault.xctoolchain/usr/include,
					"$(BUILT_PRODUCTS_DIR)/usr/local/include",
				);
				LIBRARY_SEARCH_PATHS = (
					"$(inherited)",
					"$(USER_LIBRARY_DIR)/Developer/Xcode/DerivedData/MasterWorkspace-geajijycseerbtfvjkaodseclatk/Build/Products/Debug",
				);
				PRODUCT_NAME = "$(TARGET_NAME)";
			};
			name = Debug;
		};
		81674B3A19D9DB45008FFFC5 /* Release */ = {
			isa = XCBuildConfiguration;
			buildSettings = {
				HEADER_SEARCH_PATHS = (
					"$(inherited)",
					/Applications/Xcode.app/Contents/Developer/Toolchains/XcodeDefault.xctoolchain/usr/include,
					"$(BUILT_PRODUCTS_DIR)/usr/local/include",
				);
				LIBRARY_SEARCH_PATHS = (
					"$(inherited)",
					"$(USER_LIBRARY_DIR)/Developer/Xcode/DerivedData/MasterWorkspace-geajijycseerbtfvjkaodseclatk/Build/Products/Debug",
				);
				PRODUCT_NAME = "$(TARGET_NAME)";
			};
			name = Release;
		};
		81674B4619D9DF71008FFFC5 /* Debug */ = {
			isa = XCBuildConfiguration;
			buildSettings = {
				GCC_PREPROCESSOR_DEFINITIONS = (
					"DEBUG=1",
					"$(inherited)",
				);
				HEADER_SEARCH_PATHS = (
					"$(inherited)",
					/Applications/Xcode.app/Contents/Developer/Toolchains/XcodeDefault.xctoolchain/usr/include,
					"$(BUILT_PRODUCTS_DIR)/usr/local/include",
				);
				PRODUCT_NAME = "$(TARGET_NAME)";
			};
			name = Debug;
		};
		81674B4719D9DF71008FFFC5 /* Release */ = {
			isa = XCBuildConfiguration;
			buildSettings = {
				HEADER_SEARCH_PATHS = (
					"$(inherited)",
					/Applications/Xcode.app/Contents/Developer/Toolchains/XcodeDefault.xctoolchain/usr/include,
					"$(BUILT_PRODUCTS_DIR)/usr/local/include",
				);
				PRODUCT_NAME = "$(TARGET_NAME)";
			};
			name = Release;
		};
		818772C219DB29A4007E5DA3 /* Debug */ = {
			isa = XCBuildConfiguration;
			buildSettings = {
				FRAMEWORK_SEARCH_PATHS = (
					"$(inherited)",
					"$(USER_LIBRARY_DIR)/Developer/Xcode/DerivedData/QGDampedSlab-fphdwedzqugbnhesewncirqzzjsn/Build/Products/Debug",
				);
				GCC_PREPROCESSOR_DEFINITIONS = (
					"DEBUG=1",
					"$(inherited)",
				);
				HEADER_SEARCH_PATHS = (
					"$(inherited)",
					"/Applications/Xcode\\ 6.1b3.app/Contents/Developer/Toolchains/XcodeDefault.xctoolchain/usr/include",
					"$(BUILT_PRODUCTS_DIR)/usr/local/include",
				);
				PRODUCT_NAME = "$(TARGET_NAME)";
				SWIFT_INCLUDE_PATHS = "$(BUILT_PRODUCTS_DIR)";
				SWIFT_OPTIMIZATION_LEVEL = "-Onone";
			};
			name = Debug;
		};
		818772C319DB29A4007E5DA3 /* Release */ = {
			isa = XCBuildConfiguration;
			buildSettings = {
				FRAMEWORK_SEARCH_PATHS = (
					"$(inherited)",
					"$(USER_LIBRARY_DIR)/Developer/Xcode/DerivedData/QGDampedSlab-fphdwedzqugbnhesewncirqzzjsn/Build/Products/Debug",
				);
				HEADER_SEARCH_PATHS = (
					"$(inherited)",
					"/Applications/Xcode\\ 6.1b3.app/Contents/Developer/Toolchains/XcodeDefault.xctoolchain/usr/include",
					"$(BUILT_PRODUCTS_DIR)/usr/local/include",
				);
				PRODUCT_NAME = "$(TARGET_NAME)";
				SWIFT_INCLUDE_PATHS = "$(BUILT_PRODUCTS_DIR)";
			};
			name = Release;
		};
/* End XCBuildConfiguration section */

/* Begin XCConfigurationList section */
		81674B2C19D9DB45008FFFC5 /* Build configuration list for PBXProject "QGDampedSlab" */ = {
			isa = XCConfigurationList;
			buildConfigurations = (
				81674B3619D9DB45008FFFC5 /* Debug */,
				81674B3719D9DB45008FFFC5 /* Release */,
			);
			defaultConfigurationIsVisible = 0;
			defaultConfigurationName = Release;
		};
		81674B3819D9DB45008FFFC5 /* Build configuration list for PBXNativeTarget "QGDampedSlab" */ = {
			isa = XCConfigurationList;
			buildConfigurations = (
				81674B3919D9DB45008FFFC5 /* Debug */,
				81674B3A19D9DB45008FFFC5 /* Release */,
			);
			defaultConfigurationIsVisible = 0;
			defaultConfigurationName = Release;
		};
		81674B4519D9DF71008FFFC5 /* Build configuration list for PBXNativeTarget "DampedSlab" */ = {
			isa = XCConfigurationList;
			buildConfigurations = (
				81674B4619D9DF71008FFFC5 /* Debug */,
				81674B4719D9DF71008FFFC5 /* Release */,
			);
			defaultConfigurationIsVisible = 0;
			defaultConfigurationName = Release;
		};
		818772C419DB29A4007E5DA3 /* Build configuration list for PBXNativeTarget "DampedSlabSwift" */ = {
			isa = XCConfigurationList;
			buildConfigurations = (
				818772C219DB29A4007E5DA3 /* Debug */,
				818772C319DB29A4007E5DA3 /* Release */,
			);
			defaultConfigurationIsVisible = 0;
			defaultConfigurationName = Release;
		};
/* End XCConfigurationList section */
	};
	rootObject = 81674B2919D9DB45008FFFC5 /* Project object */;
}
